
Microsoft Visual Studio Solution File, Format Version 12.00
# Visual Studio Version 17
VisualStudioVersion = 17.5.33414.496
MinimumVisualStudioVersion = 10.0.40219.1
Project("{8BC9CEB8-8B4A-11D0-8D11-00A0C91BC942}") = "Project01", "Project01\Project01.vcxproj", "{DCF1CB2F-8F23-47B3-895D-97377DE774E3}"
EndProject
Project("{8BC9CEB8-8B4A-11D0-8D11-00A0C91BC942}") = "Project02", "Project02\Project02.vcxproj", "{D93901B7-F6C9-4373-B1F8-9126074303D7}"
EndProject
Project("{8BC9CEB8-8B4A-11D0-8D11-00A0C91BC942}") = "ProjectHouse", "ProjectHouse\ProjectHouse.vcxproj", "{28C6D884-97DE-46F5-904C-B2DE92730A13}"
EndProject
Global
	GlobalSection(SolutionConfigurationPlatforms) = preSolution
		Debug|x64 = Debug|x64
		Debug|x86 = Debug|x86
		Release|x64 = Release|x64
		Release|x86 = Release|x86
	EndGlobalSection
	GlobalSection(ProjectConfigurationPlatforms) = postSolution
		{DCF1CB2F-8F23-47B3-895D-97377DE774E3}.Debug|x64.ActiveCfg = Debug|x64
		{DCF1CB2F-8F23-47B3-895D-97377DE774E3}.Debug|x64.Build.0 = Debug|x64
		{DCF1CB2F-8F23-47B3-895D-97377DE774E3}.Debug|x86.ActiveCfg = Debug|Win32
		{DCF1CB2F-8F23-47B3-895D-97377DE774E3}.Debug|x86.Build.0 = Debug|Win32
		{DCF1CB2F-8F23-47B3-895D-97377DE774E3}.Release|x64.ActiveCfg = Release|x64
		{DCF1CB2F-8F23-47B3-895D-97377DE774E3}.Release|x64.Build.0 = Release|x64
		{DCF1CB2F-8F23-47B3-895D-97377DE774E3}.Release|x86.ActiveCfg = Release|Win32
		{DCF1CB2F-8F23-47B3-895D-97377DE774E3}.Release|x86.Build.0 = Release|Win32
		{D93901B7-F6C9-4373-B1F8-9126074303D7}.Debug|x64.ActiveCfg = Debug|x64
		{D93901B7-F6C9-4373-B1F8-9126074303D7}.Debug|x64.Build.0 = Debug|x64
		{D93901B7-F6C9-4373-B1F8-9126074303D7}.Debug|x86.ActiveCfg = Debug|Win32
		{D93901B7-F6C9-4373-B1F8-9126074303D7}.Debug|x86.Build.0 = Debug|Win32
		{D93901B7-F6C9-4373-B1F8-9126074303D7}.Release|x64.ActiveCfg = Release|x64
		{D93901B7-F6C9-4373-B1F8-9126074303D7}.Release|x64.Build.0 = Release|x64
		{D93901B7-F6C9-4373-B1F8-9126074303D7}.Release|x86.ActiveCfg = Release|Win32
		{D93901B7-F6C9-4373-B1F8-9126074303D7}.Release|x86.Build.0 = Release|Win32
		{28C6D884-97DE-46F5-904C-B2DE92730A13}.Debug|x64.ActiveCfg = Debug|x64
		{28C6D884-97DE-46F5-904C-B2DE92730A13}.Debug|x64.Build.0 = Debug|x64
		{28C6D884-97DE-46F5-904C-B2DE92730A13}.Debug|x86.ActiveCfg = Debug|Win32
		{28C6D884-97DE-46F5-904C-B2DE92730A13}.Debug|x86.Build.0 = Debug|Win32
		{28C6D884-97DE-46F5-904C-B2DE92730A13}.Release|x64.ActiveCfg = Release|x64
		{28C6D884-97DE-46F5-904C-B2DE92730A13}.Release|x64.Build.0 = Release|x64
		{28C6D884-97DE-46F5-904C-B2DE92730A13}.Release|x86.ActiveCfg = Release|Win32
		{28C6D884-97DE-46F5-904C-B2DE92730A13}.Release|x86.Build.0 = Release|Win32
	EndGlobalSection
	GlobalSection(SolutionProperties) = preSolution
		HideSolutionNode = FALSE
	EndGlobalSection
	GlobalSection(ExtensibilityGlobals) = postSolution
		SolutionGuid = {75D29E0B-CAB3-4A4F-BD26-EBF40F40A8EC}
	EndGlobalSection
EndGlobal
